// !$*UTF8*$!
{
	archiveVersion = 1;
	classes = {
	};
	objectVersion = 46;
	objects = {

/* Begin PBXBuildFile section */
		9457DE4D1C15811C00A94317 /* AppDelegate.swift in Sources */ = {isa = PBXBuildFile; fileRef = 9457DE4C1C15811C00A94317 /* AppDelegate.swift */; };
		9457DE4F1C15811C00A94317 /* ViewController.swift in Sources */ = {isa = PBXBuildFile; fileRef = 9457DE4E1C15811C00A94317 /* ViewController.swift */; };
		9457DE521C15811C00A94317 /* Main.storyboard in Resources */ = {isa = PBXBuildFile; fileRef = 9457DE501C15811C00A94317 /* Main.storyboard */; };
		9457DE541C15811C00A94317 /* Assets.xcassets in Resources */ = {isa = PBXBuildFile; fileRef = 9457DE531C15811C00A94317 /* Assets.xcassets */; };
		9457DE571C15811C00A94317 /* LaunchScreen.storyboard in Resources */ = {isa = PBXBuildFile; fileRef = 9457DE551C15811C00A94317 /* LaunchScreen.storyboard */; };
		9457DE5F1C15815900A94317 /* TabPageController.swift in Sources */ = {isa = PBXBuildFile; fileRef = 9457DE5E1C15815900A94317 /* TabPageController.swift */; };
		9457DE611C1583F900A94317 /* TabPageControllerDelegate.swift in Sources */ = {isa = PBXBuildFile; fileRef = 9457DE601C1583F900A94317 /* TabPageControllerDelegate.swift */; };
		9457DE631C15848800A94317 /* ItemViewController.swift in Sources */ = {isa = PBXBuildFile; fileRef = 9457DE621C15848800A94317 /* ItemViewController.swift */; };
		9457DE651C15850400A94317 /* TabPageItem.swift in Sources */ = {isa = PBXBuildFile; fileRef = 9457DE641C15850400A94317 /* TabPageItem.swift */; };
/* End PBXBuildFile section */

/* Begin PBXFileReference section */
		9457DE491C15811C00A94317 /* CustomPageView.app */ = {isa = PBXFileReference; explicitFileType = wrapper.application; includeInIndex = 0; path = CustomPageView.app; sourceTree = BUILT_PRODUCTS_DIR; };
		9457DE4C1C15811C00A94317 /* AppDelegate.swift */ = {isa = PBXFileReference; lastKnownFileType = sourcecode.swift; path = AppDelegate.swift; sourceTree = "<group>"; };
		9457DE4E1C15811C00A94317 /* ViewController.swift */ = {isa = PBXFileReference; lastKnownFileType = sourcecode.swift; path = ViewController.swift; sourceTree = "<group>"; };
		9457DE511C15811C00A94317 /* Base */ = {isa = PBXFileReference; lastKnownFileType = file.storyboard; name = Base; path = Base.lproj/Main.storyboard; sourceTree = "<group>"; };
		9457DE531C15811C00A94317 /* Assets.xcassets */ = {isa = PBXFileReference; lastKnownFileType = folder.assetcatalog; path = Assets.xcassets; sourceTree = "<group>"; };
		9457DE561C15811C00A94317 /* Base */ = {isa = PBXFileReference; lastKnownFileType = file.storyboard; name = Base; path = Base.lproj/LaunchScreen.storyboard; sourceTree = "<group>"; };
		9457DE581C15811C00A94317 /* Info.plist */ = {isa = PBXFileReference; lastKnownFileType = text.plist.xml; path = Info.plist; sourceTree = "<group>"; };
		9457DE5E1C15815900A94317 /* TabPageController.swift */ = {isa = PBXFileReference; fileEncoding = 4; lastKnownFileType = sourcecode.swift; path = TabPageController.swift; sourceTree = "<group>"; };
		9457DE601C1583F900A94317 /* TabPageControllerDelegate.swift */ = {isa = PBXFileReference; fileEncoding = 4; lastKnownFileType = sourcecode.swift; path = TabPageControllerDelegate.swift; sourceTree = "<group>"; };
		9457DE621C15848800A94317 /* ItemViewController.swift */ = {isa = PBXFileReference; fileEncoding = 4; lastKnownFileType = sourcecode.swift; path = ItemViewController.swift; sourceTree = "<group>"; };
		9457DE641C15850400A94317 /* TabPageItem.swift */ = {isa = PBXFileReference; fileEncoding = 4; lastKnownFileType = sourcecode.swift; path = TabPageItem.swift; sourceTree = "<group>"; };
/* End PBXFileReference section */

/* Begin PBXFrameworksBuildPhase section */
		9457DE461C15811C00A94317 /* Frameworks */ = {
			isa = PBXFrameworksBuildPhase;
			buildActionMask = 2147483647;
			files = (
			);
			runOnlyForDeploymentPostprocessing = 0;
		};
/* End PBXFrameworksBuildPhase section */

/* Begin PBXGroup section */
		9457DE401C15811C00A94317 = {
			isa = PBXGroup;
			children = (
				9457DE4B1C15811C00A94317 /* CustomPageView */,
				9457DE4A1C15811C00A94317 /* Products */,
			);
			sourceTree = "<group>";
		};
		9457DE4A1C15811C00A94317 /* Products */ = {
			isa = PBXGroup;
			children = (
				9457DE491C15811C00A94317 /* CustomPageView.app */,
			);
			name = Products;
			sourceTree = "<group>";
		};
		9457DE4B1C15811C00A94317 /* CustomPageView */ = {
			isa = PBXGroup;
			children = (
				9457DE4C1C15811C00A94317 /* AppDelegate.swift */,
				9457DE4E1C15811C00A94317 /* ViewController.swift */,
				9457DE5E1C15815900A94317 /* TabPageController.swift */,
				9457DE601C1583F900A94317 /* TabPageControllerDelegate.swift */,
				9457DE621C15848800A94317 /* ItemViewController.swift */,
				9457DE641C15850400A94317 /* TabPageItem.swift */,
				9457DE501C15811C00A94317 /* Main.storyboard */,
				9457DE531C15811C00A94317 /* Assets.xcassets */,
				9457DE551C15811C00A94317 /* LaunchScreen.storyboard */,
				9457DE581C15811C00A94317 /* Info.plist */,
			);
			path = CustomPageView;
			sourceTree = "<group>";
		};
/* End PBXGroup section */

/* Begin PBXNativeTarget section */
		9457DE481C15811C00A94317 /* CustomPageView */ = {
			isa = PBXNativeTarget;
			buildConfigurationList = 9457DE5B1C15811C00A94317 /* Build configuration list for PBXNativeTarget "CustomPageView" */;
			buildPhases = (
				9457DE451C15811C00A94317 /* Sources */,
				9457DE461C15811C00A94317 /* Frameworks */,
				9457DE471C15811C00A94317 /* Resources */,
			);
			buildRules = (
			);
			dependencies = (
			);
			name = CustomPageView;
			productName = CustomPageView;
			productReference = 9457DE491C15811C00A94317 /* CustomPageView.app */;
			productType = "com.apple.product-type.application";
		};
/* End PBXNativeTarget section */

/* Begin PBXProject section */
		9457DE411C15811C00A94317 /* Project object */ = {
			isa = PBXProject;
			attributes = {
				LastSwiftUpdateCheck = 0710;
				LastUpgradeCheck = 0710;
				ORGANIZATIONNAME = langyue;
				TargetAttributes = {
					9457DE481C15811C00A94317 = {
						CreatedOnToolsVersion = 7.1;
					};
				};
			};
			buildConfigurationList = 9457DE441C15811C00A94317 /* Build configuration list for PBXProject "CustomPageView" */;
			compatibilityVersion = "Xcode 3.2";
			developmentRegion = English;
			hasScannedForEncodings = 0;
			knownRegions = (
				en,
				Base,
			);
			mainGroup = 9457DE401C15811C00A94317;
			productRefGroup = 9457DE4A1C15811C00A94317 /* Products */;
			projectDirPath = "";
			projectRoot = "";
			targets = (
				9457DE481C15811C00A94317 /* CustomPageView */,
			);
		};
/* End PBXProject section */

/* Begin PBXResourcesBuildPhase section */
		9457DE471C15811C00A94317 /* Resources */ = {
			isa = PBXResourcesBuildPhase;
			buildActionMask = 2147483647;
			files = (
				9457DE571C15811C00A94317 /* LaunchScreen.storyboard in Resources */,
				9457DE541C15811C00A94317 /* Assets.xcassets in Resources */,
				9457DE521C15811C00A94317 /* Main.storyboard in Resources */,
			);
			runOnlyForDeploymentPostprocessing = 0;
		};
/* End PBXResourcesBuildPhase section */

/* Begin PBXSourcesBuildPhase section */
		9457DE451C15811C00A94317 /* Sources */ = {
			isa = PBXSourcesBuildPhase;
			buildActionMask = 2147483647;
			files = (
				9457DE4F1C15811C00A94317 /* ViewController.swift in Sources */,
				9457DE611C1583F900A94317 /* TabPageControllerDelegate.swift in Sources */,
				9457DE631C15848800A94317 /* ItemViewController.swift in Sources */,
				9457DE651C15850400A94317 /* TabPageItem.swift in Sources */,
				9457DE4D1C15811C00A94317 /* AppDelegate.swift in Sources */,
				9457DE5F1C15815900A94317 /* TabPageController.swift in Sources */,
			);
			runOnlyForDeploymentPostprocessing = 0;
		};
/* End PBXSourcesBuildPhase section */

/* Begin PBXVariantGroup section */
		9457DE501C15811C00A94317 /* Main.storyboard */ = {
			isa = PBXVariantGroup;
			children = (
				9457DE511C15811C00A94317 /* Base */,
			);
			name = Main.storyboard;
			sourceTree = "<group>";
		};
		9457DE551C15811C00A94317 /* LaunchScreen.storyboard */ = {
			isa = PBXVariantGroup;
			children = (
				9457DE561C15811C00A94317 /* Base */,
			);
			name = LaunchScreen.storyboard;
			sourceTree = "<group>";
		};
/* End PBXVariantGroup section */

/* Begin XCBuildConfiguration section */
		9457DE591C15811C00A94317 /* Debug */ = {
			isa = XCBuildConfiguration;
			buildSettings = {
				ALWAYS_SEARCH_USER_PATHS = NO;
				CLANG_CXX_LANGUAGE_STANDARD = "gnu++0x";
				CLANG_CXX_LIBRARY = "libc++";
				CLANG_ENABLE_MODULES = YES;
				CLANG_ENABLE_OBJC_ARC = YES;
				CLANG_WARN_BOOL_CONVERSION = YES;
				CLANG_WARN_CONSTANT_CONVERSION = YES;
				CLANG_WARN_DIRECT_OBJC_ISA_USAGE = YES_ERROR;
				CLANG_WARN_EMPTY_BODY = YES;
				CLANG_WARN_ENUM_CONVERSION = YES;
				CLANG_WARN_INT_CONVERSION = YES;
				CLANG_WARN_OBJC_ROOT_CLASS = YES_ERROR;
				CLANG_WARN_UNREACHABLE_CODE = YES;
				CLANG_WARN__DUPLICATE_METHOD_MATCH = YES;
				"CODE_SIGN_IDENTITY[sdk=iphoneos*]" = "iPhone Developer";
				COPY_PHASE_STRIP = NO;
				DEBUG_INFORMATION_FORMAT = dwarf;
				ENABLE_STRICT_OBJC_MSGSEND = YES;
				ENABLE_TESTABILITY = YES;
				GCC_C_LANGUAGE_STANDARD = gnu99;
				GCC_DYNAMIC_NO_PIC = NO;
				GCC_NO_COMMON_BLOCKS = YES;
				GCC_OPTIMIZATION_LEVEL = 0;
				GCC_PREPROCESSOR_DEFINITIONS = (
					"DEBUG=1",
					"$(inherited)",
				);
				GCC_WARN_64_TO_32_BIT_CONVERSION = YES;
				GCC_WARN_ABOUT_RETURN_TYPE = YES_ERROR;
				GCC_WARN_UNDECLARED_SELECTOR = YES;
				GCC_WARN_UNINITIALIZED_AUTOS = YES_AGGRESSIVE;
				GCC_WARN_UNUSED_FUNCTION = YES;
				GCC_WARN_UNUSED_VARIABLE = YES;
				IPHONEOS_DEPLOYMENT_TARGET = 9.1;
				MTL_ENABLE_DEBUG_INFO = YES;
				ONLY_ACTIVE_ARCH = YES;
				SDKROOT = iphoneos;
				SWIFT_OPTIMIZATION_LEVEL = "-Onone";
				TARGETED_DEVICE_FAMILY = "1,2";
			};
			name = Debug;
		};
		9457DE5A1C15811C00A94317 /* Release */ = {
			isa = XCBuildConfiguration;
			buildSettings = {
				ALWAYS_SEARCH_USER_PATHS = NO;
				CLANG_CXX_LANGUAGE_STANDARD = "gnu++0x";
				CLANG_CXX_LIBRARY = "libc++";
				CLANG_ENABLE_MODULES = YES;
				CLANG_ENABLE_OBJC_ARC = YES;
				CLANG_WARN_BOOL_CONVERSION = YES;
				CLANG_WARN_CONSTANT_CONVERSION = YES;
				CLANG_WARN_DIRECT_OBJC_ISA_USAGE = YES_ERROR;
				CLANG_WARN_EMPTY_BODY = YES;
				CLANG_WARN_ENUM_CONVERSION = YES;
				CLANG_WARN_INT_CONVERSION = YES;
				CLANG_WARN_OBJC_ROOT_CLASS = YES_ERROR;
				CLANG_WARN_UNREACHABLE_CODE = YES;
				CLANG_WARN__DUPLICATE_METHOD_MATCH = YES;
				"CODE_SIGN_IDENTITY[sdk=iphoneos*]" = "iPhone Developer";
				COPY_PHASE_STRIP = NO;
				DEBUG_INFORMATION_FORMAT = "dwarf-with-dsym";
				ENABLE_NS_ASSERTIONS = NO;
				ENABLE_STRICT_OBJC_MSGSEND = YES;
				GCC_C_LANGUAGE_STANDARD = gnu99;
				GCC_NO_COMMON_BLOCKS = YES;
				GCC_WARN_64_TO_32_BIT_CONVERSION = YES;
				GCC_WARN_ABOUT_RETURN_TYPE = YES_ERROR;
				GCC_WARN_UNDECLARED_SELECTOR = YES;
				GCC_WARN_UNINITIALIZED_AUTOS = YES_AGGRESSIVE;
				GCC_WARN_UNUSED_FUNCTION = YES;
				GCC_WARN_UNUSED_VARIABLE = YES;
				IPHONEOS_DEPLOYMENT_TARGET = 9.1;
				MTL_ENABLE_DEBUG_INFO = NO;
				SDKROOT = iphoneos;
				TARGETED_DEVICE_FAMILY = "1,2";
				VALIDATE_PRODUCT = YES;
			};
			name = Release;
		};
		9457DE5C1C15811C00A94317 /* Debug */ = {
			isa = XCBuildConfiguration;
			buildSettings = {
				ASSETCATALOG_COMPILER_APPICON_NAME = AppIcon;
				INFOPLIST_FILE = CustomPageView/Info.plist;
				LD_RUNPATH_SEARCH_PATHS = "$(inherited) @executable_path/Frameworks";
				PRODUCT_BUNDLE_IDENTIFIER = "LangYue-China.CustomPageView";
				PRODUCT_NAME = "$(TARGET_NAME)";
			};
			name = Debug;
		};
		9457DE5D1C15811C00A94317 /* Release */ = {
			isa = XCBuildConfiguration;
			buildSettings = {
				ASSETCATALOG_COMPILER_APPICON_NAME = AppIcon;
				INFOPLIST_FILE = CustomPageView/Info.plist;
				LD_RUNPATH_SEARCH_PATHS = "$(inherited) @executable_path/Frameworks";
				PRODUCT_BUNDLE_IDENTIFIER = "LangYue-China.CustomPageView";
				PRODUCT_NAME = "$(TARGET_NAME)";
			};
			name = Release;
		};
/* End XCBuildConfiguration section */

/* Begin XCConfigurationList section */
		9457DE441C15811C00A94317 /* Build configuration list for PBXProject "CustomPageView" */ = {
			isa = XCConfigurationList;
			buildConfigurations = (
				9457DE591C15811C00A94317 /* Debug */,
				9457DE5A1C15811C00A94317 /* Release */,
			);
			defaultConfigurationIsVisible = 0;
			defaultConfigurationName = Release;
		};
		9457DE5B1C15811C00A94317 /* Build configuration list for PBXNativeTarget "CustomPageView" */ = {
			isa = XCConfigurationList;
			buildConfigurations = (
				9457DE5C1C15811C00A94317 /* Debug */,
				9457DE5D1C15811C00A94317 /* Release */,
			);
			defaultConfigurationIsVisible = 0;
		};
/* End XCConfigurationList section */
	};
	rootObject = 9457DE411C15811C00A94317 /* Project object */;
}
